
Microsoft Visual Studio Solution File, Format Version 12.00
# Visual Studio Version 17
VisualStudioVersion = 17.4.33122.133
MinimumVisualStudioVersion = 10.0.40219.1
Project("{FAE04EC0-301F-11D3-BF4B-00C04F79EFBC}") = "myportfolio_web", "myportfolio_web\myportfolio_web.csproj", "{3AC9E0DB-EC3E-438B-868F-26790A83AD25}"
EndProject
Global
	GlobalSection(SolutionConfigurationPlatforms) = preSolution
		Debug|Any CPU = Debug|Any CPU
		Release|Any CPU = Release|Any CPU
	EndGlobalSection
	GlobalSection(ProjectConfigurationPlatforms) = postSolution
		{3AC9E0DB-EC3E-438B-868F-26790A83AD25}.Debug|Any CPU.ActiveCfg = Debug|Any CPU
		{3AC9E0DB-EC3E-438B-868F-26790A83AD25}.Debug|Any CPU.Build.0 = Debug|Any CPU
		{3AC9E0DB-EC3E-438B-868F-26790A83AD25}.Release|Any CPU.ActiveCfg = Release|Any CPU
		{3AC9E0DB-EC3E-438B-868F-26790A83AD25}.Release|Any CPU.Build.0 = Release|Any CPU
	EndGlobalSection
	GlobalSection(SolutionProperties) = preSolution
		HideSolutionNode = FALSE
	EndGlobalSection
	GlobalSection(ExtensibilityGlobals) = postSolution
		SolutionGuid = {E6573760-D818-4C85-960B-506E09FECAE8}
	EndGlobalSection
EndGlobal
